{
  "name": "LMS",
  "lockfileVersion": 3,
  "requires": true,
  "packages": {
    "": {
      "devDependencies": {
        "@types/ejs": "^3.1.3"
      }
    },
    "node_modules/@types/ejs": {
      "version": "3.1.3",
      "resolved": "https://registry.npmjs.org/@types/ejs/-/ejs-3.1.3.tgz",
      "integrity": "sha512-mv5T/JI/bu+pbfz1o+TLl1NF0NIBbjS0Vl6Ppz1YY9DkXfzZT0lelXpfS5i3ZS3U/p90it7uERQpBvLYoK8e4A==",
      "dev": true
    }
  }
}
